
Microsoft Visual Studio Solution File, Format Version 12.00
# Visual Studio Version 16
VisualStudioVersion = 16.0.29709.97
MinimumVisualStudioVersion = 10.0.40219.1
Project("{FAE04EC0-301F-11D3-BF4B-00C04F79EFBC}") = "PR2-02-2", "PR2-02-2.csproj", "{B567DF68-6565-4F1A-9617-C1BA4EA0BACF}"
EndProject
Global
	GlobalSection(SolutionConfigurationPlatforms) = preSolution
		Debug|Any CPU = Debug|Any CPU
		Release|Any CPU = Release|Any CPU
	EndGlobalSection
	GlobalSection(ProjectConfigurationPlatforms) = postSolution
		{B567DF68-6565-4F1A-9617-C1BA4EA0BACF}.Debug|Any CPU.ActiveCfg = Debug|Any CPU
		{B567DF68-6565-4F1A-9617-C1BA4EA0BACF}.Debug|Any CPU.Build.0 = Debug|Any CPU
		{B567DF68-6565-4F1A-9617-C1BA4EA0BACF}.Release|Any CPU.ActiveCfg = Release|Any CPU
		{B567DF68-6565-4F1A-9617-C1BA4EA0BACF}.Release|Any CPU.Build.0 = Release|Any CPU
	EndGlobalSection
	GlobalSection(SolutionProperties) = preSolution
		HideSolutionNode = FALSE
	EndGlobalSection
	GlobalSection(ExtensibilityGlobals) = postSolution
		SolutionGuid = {3999A810-C769-436C-8C06-14CC242725FF}
	EndGlobalSection
EndGlobal
