
Microsoft Visual Studio Solution File, Format Version 12.00
# Visual Studio Version 16
VisualStudioVersion = 16.0.29709.97
MinimumVisualStudioVersion = 10.0.40219.1
Project("{FAE04EC0-301F-11D3-BF4B-00C04F79EFBC}") = "PR1-01-2", "PR1-01-2.csproj", "{775E0D1E-9379-46B8-ADA6-F24BAF63B787}"
EndProject
Global
	GlobalSection(SolutionConfigurationPlatforms) = preSolution
		Debug|Any CPU = Debug|Any CPU
		Release|Any CPU = Release|Any CPU
	EndGlobalSection
	GlobalSection(ProjectConfigurationPlatforms) = postSolution
		{775E0D1E-9379-46B8-ADA6-F24BAF63B787}.Debug|Any CPU.ActiveCfg = Debug|Any CPU
		{775E0D1E-9379-46B8-ADA6-F24BAF63B787}.Debug|Any CPU.Build.0 = Debug|Any CPU
		{775E0D1E-9379-46B8-ADA6-F24BAF63B787}.Release|Any CPU.ActiveCfg = Release|Any CPU
		{775E0D1E-9379-46B8-ADA6-F24BAF63B787}.Release|Any CPU.Build.0 = Release|Any CPU
	EndGlobalSection
	GlobalSection(SolutionProperties) = preSolution
		HideSolutionNode = FALSE
	EndGlobalSection
	GlobalSection(ExtensibilityGlobals) = postSolution
		SolutionGuid = {A278B712-5646-40DA-AB82-2370C3E9323C}
	EndGlobalSection
EndGlobal
