
Microsoft Visual Studio Solution File, Format Version 12.00
# Visual Studio Version 16
VisualStudioVersion = 16.0.29709.97
MinimumVisualStudioVersion = 10.0.40219.1
Project("{FAE04EC0-301F-11D3-BF4B-00C04F79EFBC}") = "PR-04-05-01", "PR-04-05-01.csproj", "{7B350883-F382-4D89-92BA-7F82DAC1CE9A}"
EndProject
Global
	GlobalSection(SolutionConfigurationPlatforms) = preSolution
		Debug|Any CPU = Debug|Any CPU
		Release|Any CPU = Release|Any CPU
	EndGlobalSection
	GlobalSection(ProjectConfigurationPlatforms) = postSolution
		{7B350883-F382-4D89-92BA-7F82DAC1CE9A}.Debug|Any CPU.ActiveCfg = Debug|Any CPU
		{7B350883-F382-4D89-92BA-7F82DAC1CE9A}.Debug|Any CPU.Build.0 = Debug|Any CPU
		{7B350883-F382-4D89-92BA-7F82DAC1CE9A}.Release|Any CPU.ActiveCfg = Release|Any CPU
		{7B350883-F382-4D89-92BA-7F82DAC1CE9A}.Release|Any CPU.Build.0 = Release|Any CPU
	EndGlobalSection
	GlobalSection(SolutionProperties) = preSolution
		HideSolutionNode = FALSE
	EndGlobalSection
	GlobalSection(ExtensibilityGlobals) = postSolution
		SolutionGuid = {4180280C-4491-474F-8FB8-CD0324CFD9CA}
	EndGlobalSection
EndGlobal
