
Microsoft Visual Studio Solution File, Format Version 12.00
# Visual Studio Version 16
VisualStudioVersion = 16.0.29709.97
MinimumVisualStudioVersion = 10.0.40219.1
Project("{FAE04EC0-301F-11D3-BF4B-00C04F79EFBC}") = "PR1-01-1", "PR1-01-1.csproj", "{8E35BE26-8574-467C-A641-3E5E621DDD7D}"
EndProject
Global
	GlobalSection(SolutionConfigurationPlatforms) = preSolution
		Debug|Any CPU = Debug|Any CPU
		Release|Any CPU = Release|Any CPU
	EndGlobalSection
	GlobalSection(ProjectConfigurationPlatforms) = postSolution
		{8E35BE26-8574-467C-A641-3E5E621DDD7D}.Debug|Any CPU.ActiveCfg = Debug|Any CPU
		{8E35BE26-8574-467C-A641-3E5E621DDD7D}.Debug|Any CPU.Build.0 = Debug|Any CPU
		{8E35BE26-8574-467C-A641-3E5E621DDD7D}.Release|Any CPU.ActiveCfg = Release|Any CPU
		{8E35BE26-8574-467C-A641-3E5E621DDD7D}.Release|Any CPU.Build.0 = Release|Any CPU
	EndGlobalSection
	GlobalSection(SolutionProperties) = preSolution
		HideSolutionNode = FALSE
	EndGlobalSection
	GlobalSection(ExtensibilityGlobals) = postSolution
		SolutionGuid = {752EC588-DA69-42A9-A8B3-BB519A1D4DF4}
	EndGlobalSection
EndGlobal
