
Microsoft Visual Studio Solution File, Format Version 12.00
# Visual Studio Version 16
VisualStudioVersion = 16.0.29709.97
MinimumVisualStudioVersion = 10.0.40219.1
Project("{FAE04EC0-301F-11D3-BF4B-00C04F79EFBC}") = "PR-04-04-01", "PR-04-04-01.csproj", "{6B334DB7-6639-4C4D-826F-0CDC225F7D41}"
EndProject
Global
	GlobalSection(SolutionConfigurationPlatforms) = preSolution
		Debug|Any CPU = Debug|Any CPU
		Release|Any CPU = Release|Any CPU
	EndGlobalSection
	GlobalSection(ProjectConfigurationPlatforms) = postSolution
		{6B334DB7-6639-4C4D-826F-0CDC225F7D41}.Debug|Any CPU.ActiveCfg = Debug|Any CPU
		{6B334DB7-6639-4C4D-826F-0CDC225F7D41}.Debug|Any CPU.Build.0 = Debug|Any CPU
		{6B334DB7-6639-4C4D-826F-0CDC225F7D41}.Release|Any CPU.ActiveCfg = Release|Any CPU
		{6B334DB7-6639-4C4D-826F-0CDC225F7D41}.Release|Any CPU.Build.0 = Release|Any CPU
	EndGlobalSection
	GlobalSection(SolutionProperties) = preSolution
		HideSolutionNode = FALSE
	EndGlobalSection
	GlobalSection(ExtensibilityGlobals) = postSolution
		SolutionGuid = {0EB61FD8-D314-4478-8D04-63CF343C9675}
	EndGlobalSection
EndGlobal
